
Microsoft Visual Studio Solution File, Format Version 12.00
# Visual Studio Version 17
VisualStudioVersion = 17.14.36623.8 d17.14
MinimumVisualStudioVersion = 10.0.40219.1
Project("{FAE04EC0-301F-11D3-BF4B-00C04F79EFBC}") = "APICuboSS_VirtualDW", "APICuboSS_VirtualDW.csproj", "{17D73FFD-C23D-4010-9484-BD23EC914C92}"
EndProject
Global
	GlobalSection(SolutionConfigurationPlatforms) = preSolution
		Debug|Any CPU = Debug|Any CPU
		Release|Any CPU = Release|Any CPU
	EndGlobalSection
	GlobalSection(ProjectConfigurationPlatforms) = postSolution
		{17D73FFD-C23D-4010-9484-BD23EC914C92}.Debug|Any CPU.ActiveCfg = Debug|Any CPU
		{17D73FFD-C23D-4010-9484-BD23EC914C92}.Debug|Any CPU.Build.0 = Debug|Any CPU
		{17D73FFD-C23D-4010-9484-BD23EC914C92}.Release|Any CPU.ActiveCfg = Release|Any CPU
		{17D73FFD-C23D-4010-9484-BD23EC914C92}.Release|Any CPU.Build.0 = Release|Any CPU
	EndGlobalSection
	GlobalSection(SolutionProperties) = preSolution
		HideSolutionNode = FALSE
	EndGlobalSection
	GlobalSection(ExtensibilityGlobals) = postSolution
		SolutionGuid = {3E51B6AD-3B96-4C3E-937D-56C7BE794AEA}
	EndGlobalSection
EndGlobal
